
Microsoft Visual Studio Solution File, Format Version 12.00
# Visual Studio Version 17
VisualStudioVersion = 17.7.34031.279
MinimumVisualStudioVersion = 10.0.40219.1
Project("{FAE04EC0-301F-11D3-BF4B-00C04F79EFBC}") = "CalculaterApp1", "CalculaterApp1.csproj", "{F7A20B29-DFA6-45C4-AD1B-1C1D6CAE30E9}"
EndProject
Project("{FAE04EC0-301F-11D3-BF4B-00C04F79EFBC}") = "CalculaterApp1.Tests", "..\CalculaterApp1.Tests\CalculaterApp1.Tests.csproj", "{01EE26A6-EA20-4D9B-B8F1-D74909CA7D14}"
EndProject
Global
	GlobalSection(SolutionConfigurationPlatforms) = preSolution
		Debug|Any CPU = Debug|Any CPU
		Release|Any CPU = Release|Any CPU
	EndGlobalSection
	GlobalSection(ProjectConfigurationPlatforms) = postSolution
		{F7A20B29-DFA6-45C4-AD1B-1C1D6CAE30E9}.Debug|Any CPU.ActiveCfg = Debug|Any CPU
		{F7A20B29-DFA6-45C4-AD1B-1C1D6CAE30E9}.Debug|Any CPU.Build.0 = Debug|Any CPU
		{F7A20B29-DFA6-45C4-AD1B-1C1D6CAE30E9}.Release|Any CPU.ActiveCfg = Release|Any CPU
		{F7A20B29-DFA6-45C4-AD1B-1C1D6CAE30E9}.Release|Any CPU.Build.0 = Release|Any CPU
		{01EE26A6-EA20-4D9B-B8F1-D74909CA7D14}.Debug|Any CPU.ActiveCfg = Debug|Any CPU
		{01EE26A6-EA20-4D9B-B8F1-D74909CA7D14}.Debug|Any CPU.Build.0 = Debug|Any CPU
		{01EE26A6-EA20-4D9B-B8F1-D74909CA7D14}.Release|Any CPU.ActiveCfg = Release|Any CPU
		{01EE26A6-EA20-4D9B-B8F1-D74909CA7D14}.Release|Any CPU.Build.0 = Release|Any CPU
	EndGlobalSection
	GlobalSection(SolutionProperties) = preSolution
		HideSolutionNode = FALSE
	EndGlobalSection
	GlobalSection(ExtensibilityGlobals) = postSolution
		SolutionGuid = {9BB52C76-242A-4973-9BDC-EDD40D211365}
	EndGlobalSection
EndGlobal
